
Microsoft Visual Studio Solution File, Format Version 12.00
# Visual Studio 15
VisualStudioVersion = 15.0.28010.2046
MinimumVisualStudioVersion = 10.0.40219.1
Project("{FAE04EC0-301F-11D3-BF4B-00C04F79EFBC}") = "TTSUniversal", "TTSUniversal\TTSUniversal.csproj", "{1EA4618B-469A-43F3-A463-921E0CD2CA1F}"
EndProject
Project("{FAE04EC0-301F-11D3-BF4B-00C04F79EFBC}") = "Common", "Common\Common.csproj", "{77E34F2B-A7FE-4852-A3D4-E54E6B68784E}"
EndProject
Project("{FAE04EC0-301F-11D3-BF4B-00C04F79EFBC}") = "TTSWindows", "TTSWindows\TTSWindows.csproj", "{9EF5BC0E-C7F9-4056-BFE8-CB3AA50BD242}"
EndProject
Project("{FAE04EC0-301F-11D3-BF4B-00C04F79EFBC}") = "TTSGoogle", "TTSGoogle\TTSGoogle.csproj", "{B113B8F4-2F5D-4BFC-9D95-17C20D4245F1}"
EndProject
Project("{FAE04EC0-301F-11D3-BF4B-00C04F79EFBC}") = "TTSAmazonPolly", "TTSAmazonPolly\TTSAmazonPolly.csproj", "{18B43535-B2AB-4CEB-AAC7-5B538DCAEF10}"
EndProject
Project("{FAE04EC0-301F-11D3-BF4B-00C04F79EFBC}") = "TTSApp", "TTSApp\TTSApp.csproj", "{290807AF-48FF-42F9-9D2C-4B640EE02036}"
EndProject
Global
	GlobalSection(SolutionConfigurationPlatforms) = preSolution
		Debug|Any CPU = Debug|Any CPU
		Debug|ARM = Debug|ARM
		Debug|x64 = Debug|x64
		Debug|x86 = Debug|x86
		Release|Any CPU = Release|Any CPU
		Release|ARM = Release|ARM
		Release|x64 = Release|x64
		Release|x86 = Release|x86
	EndGlobalSection
	GlobalSection(ProjectConfigurationPlatforms) = postSolution
		{1EA4618B-469A-43F3-A463-921E0CD2CA1F}.Debug|Any CPU.ActiveCfg = Debug|Any CPU
		{1EA4618B-469A-43F3-A463-921E0CD2CA1F}.Debug|Any CPU.Build.0 = Debug|Any CPU
		{1EA4618B-469A-43F3-A463-921E0CD2CA1F}.Debug|ARM.ActiveCfg = Debug|Any CPU
		{1EA4618B-469A-43F3-A463-921E0CD2CA1F}.Debug|ARM.Build.0 = Debug|Any CPU
		{1EA4618B-469A-43F3-A463-921E0CD2CA1F}.Debug|x64.ActiveCfg = Debug|Any CPU
		{1EA4618B-469A-43F3-A463-921E0CD2CA1F}.Debug|x64.Build.0 = Debug|Any CPU
		{1EA4618B-469A-43F3-A463-921E0CD2CA1F}.Debug|x86.ActiveCfg = Debug|Any CPU
		{1EA4618B-469A-43F3-A463-921E0CD2CA1F}.Debug|x86.Build.0 = Debug|Any CPU
		{1EA4618B-469A-43F3-A463-921E0CD2CA1F}.Release|Any CPU.ActiveCfg = Release|Any CPU
		{1EA4618B-469A-43F3-A463-921E0CD2CA1F}.Release|Any CPU.Build.0 = Release|Any CPU
		{1EA4618B-469A-43F3-A463-921E0CD2CA1F}.Release|ARM.ActiveCfg = Release|Any CPU
		{1EA4618B-469A-43F3-A463-921E0CD2CA1F}.Release|ARM.Build.0 = Release|Any CPU
		{1EA4618B-469A-43F3-A463-921E0CD2CA1F}.Release|x64.ActiveCfg = Release|Any CPU
		{1EA4618B-469A-43F3-A463-921E0CD2CA1F}.Release|x64.Build.0 = Release|Any CPU
		{1EA4618B-469A-43F3-A463-921E0CD2CA1F}.Release|x86.ActiveCfg = Release|Any CPU
		{1EA4618B-469A-43F3-A463-921E0CD2CA1F}.Release|x86.Build.0 = Release|Any CPU
		{77E34F2B-A7FE-4852-A3D4-E54E6B68784E}.Debug|Any CPU.ActiveCfg = Debug|Any CPU
		{77E34F2B-A7FE-4852-A3D4-E54E6B68784E}.Debug|Any CPU.Build.0 = Debug|Any CPU
		{77E34F2B-A7FE-4852-A3D4-E54E6B68784E}.Debug|ARM.ActiveCfg = Debug|Any CPU
		{77E34F2B-A7FE-4852-A3D4-E54E6B68784E}.Debug|ARM.Build.0 = Debug|Any CPU
		{77E34F2B-A7FE-4852-A3D4-E54E6B68784E}.Debug|x64.ActiveCfg = Debug|Any CPU
		{77E34F2B-A7FE-4852-A3D4-E54E6B68784E}.Debug|x64.Build.0 = Debug|Any CPU
		{77E34F2B-A7FE-4852-A3D4-E54E6B68784E}.Debug|x86.ActiveCfg = Debug|Any CPU
		{77E34F2B-A7FE-4852-A3D4-E54E6B68784E}.Debug|x86.Build.0 = Debug|Any CPU
		{77E34F2B-A7FE-4852-A3D4-E54E6B68784E}.Release|Any CPU.ActiveCfg = Release|Any CPU
		{77E34F2B-A7FE-4852-A3D4-E54E6B68784E}.Release|Any CPU.Build.0 = Release|Any CPU
		{77E34F2B-A7FE-4852-A3D4-E54E6B68784E}.Release|ARM.ActiveCfg = Release|Any CPU
		{77E34F2B-A7FE-4852-A3D4-E54E6B68784E}.Release|ARM.Build.0 = Release|Any CPU
		{77E34F2B-A7FE-4852-A3D4-E54E6B68784E}.Release|x64.ActiveCfg = Release|Any CPU
		{77E34F2B-A7FE-4852-A3D4-E54E6B68784E}.Release|x64.Build.0 = Release|Any CPU
		{77E34F2B-A7FE-4852-A3D4-E54E6B68784E}.Release|x86.ActiveCfg = Release|Any CPU
		{77E34F2B-A7FE-4852-A3D4-E54E6B68784E}.Release|x86.Build.0 = Release|Any CPU
		{9EF5BC0E-C7F9-4056-BFE8-CB3AA50BD242}.Debug|Any CPU.ActiveCfg = Debug|Any CPU
		{9EF5BC0E-C7F9-4056-BFE8-CB3AA50BD242}.Debug|Any CPU.Build.0 = Debug|Any CPU
		{9EF5BC0E-C7F9-4056-BFE8-CB3AA50BD242}.Debug|ARM.ActiveCfg = Debug|Any CPU
		{9EF5BC0E-C7F9-4056-BFE8-CB3AA50BD242}.Debug|ARM.Build.0 = Debug|Any CPU
		{9EF5BC0E-C7F9-4056-BFE8-CB3AA50BD242}.Debug|x64.ActiveCfg = Debug|Any CPU
		{9EF5BC0E-C7F9-4056-BFE8-CB3AA50BD242}.Debug|x64.Build.0 = Debug|Any CPU
		{9EF5BC0E-C7F9-4056-BFE8-CB3AA50BD242}.Debug|x86.ActiveCfg = Debug|Any CPU
		{9EF5BC0E-C7F9-4056-BFE8-CB3AA50BD242}.Debug|x86.Build.0 = Debug|Any CPU
		{9EF5BC0E-C7F9-4056-BFE8-CB3AA50BD242}.Release|Any CPU.ActiveCfg = Release|Any CPU
		{9EF5BC0E-C7F9-4056-BFE8-CB3AA50BD242}.Release|Any CPU.Build.0 = Release|Any CPU
		{9EF5BC0E-C7F9-4056-BFE8-CB3AA50BD242}.Release|ARM.ActiveCfg = Release|Any CPU
		{9EF5BC0E-C7F9-4056-BFE8-CB3AA50BD242}.Release|ARM.Build.0 = Release|Any CPU
		{9EF5BC0E-C7F9-4056-BFE8-CB3AA50BD242}.Release|x64.ActiveCfg = Release|Any CPU
		{9EF5BC0E-C7F9-4056-BFE8-CB3AA50BD242}.Release|x64.Build.0 = Release|Any CPU
		{9EF5BC0E-C7F9-4056-BFE8-CB3AA50BD242}.Release|x86.ActiveCfg = Release|Any CPU
		{9EF5BC0E-C7F9-4056-BFE8-CB3AA50BD242}.Release|x86.Build.0 = Release|Any CPU
		{B113B8F4-2F5D-4BFC-9D95-17C20D4245F1}.Debug|Any CPU.ActiveCfg = Debug|Any CPU
		{B113B8F4-2F5D-4BFC-9D95-17C20D4245F1}.Debug|Any CPU.Build.0 = Debug|Any CPU
		{B113B8F4-2F5D-4BFC-9D95-17C20D4245F1}.Debug|ARM.ActiveCfg = Debug|Any CPU
		{B113B8F4-2F5D-4BFC-9D95-17C20D4245F1}.Debug|ARM.Build.0 = Debug|Any CPU
		{B113B8F4-2F5D-4BFC-9D95-17C20D4245F1}.Debug|x64.ActiveCfg = Debug|Any CPU
		{B113B8F4-2F5D-4BFC-9D95-17C20D4245F1}.Debug|x64.Build.0 = Debug|Any CPU
		{B113B8F4-2F5D-4BFC-9D95-17C20D4245F1}.Debug|x86.ActiveCfg = Debug|Any CPU
		{B113B8F4-2F5D-4BFC-9D95-17C20D4245F1}.Debug|x86.Build.0 = Debug|Any CPU
		{B113B8F4-2F5D-4BFC-9D95-17C20D4245F1}.Release|Any CPU.ActiveCfg = Release|Any CPU
		{B113B8F4-2F5D-4BFC-9D95-17C20D4245F1}.Release|Any CPU.Build.0 = Release|Any CPU
		{B113B8F4-2F5D-4BFC-9D95-17C20D4245F1}.Release|ARM.ActiveCfg = Release|Any CPU
		{B113B8F4-2F5D-4BFC-9D95-17C20D4245F1}.Release|ARM.Build.0 = Release|Any CPU
		{B113B8F4-2F5D-4BFC-9D95-17C20D4245F1}.Release|x64.ActiveCfg = Release|Any CPU
		{B113B8F4-2F5D-4BFC-9D95-17C20D4245F1}.Release|x64.Build.0 = Release|Any CPU
		{B113B8F4-2F5D-4BFC-9D95-17C20D4245F1}.Release|x86.ActiveCfg = Release|Any CPU
		{B113B8F4-2F5D-4BFC-9D95-17C20D4245F1}.Release|x86.Build.0 = Release|Any CPU
		{18B43535-B2AB-4CEB-AAC7-5B538DCAEF10}.Debug|Any CPU.ActiveCfg = Debug|Any CPU
		{18B43535-B2AB-4CEB-AAC7-5B538DCAEF10}.Debug|Any CPU.Build.0 = Debug|Any CPU
		{18B43535-B2AB-4CEB-AAC7-5B538DCAEF10}.Debug|ARM.ActiveCfg = Debug|Any CPU
		{18B43535-B2AB-4CEB-AAC7-5B538DCAEF10}.Debug|ARM.Build.0 = Debug|Any CPU
		{18B43535-B2AB-4CEB-AAC7-5B538DCAEF10}.Debug|x64.ActiveCfg = Debug|Any CPU
		{18B43535-B2AB-4CEB-AAC7-5B538DCAEF10}.Debug|x64.Build.0 = Debug|Any CPU
		{18B43535-B2AB-4CEB-AAC7-5B538DCAEF10}.Debug|x86.ActiveCfg = Debug|Any CPU
		{18B43535-B2AB-4CEB-AAC7-5B538DCAEF10}.Debug|x86.Build.0 = Debug|Any CPU
		{18B43535-B2AB-4CEB-AAC7-5B538DCAEF10}.Release|Any CPU.ActiveCfg = Release|Any CPU
		{18B43535-B2AB-4CEB-AAC7-5B538DCAEF10}.Release|Any CPU.Build.0 = Release|Any CPU
		{18B43535-B2AB-4CEB-AAC7-5B538DCAEF10}.Release|ARM.ActiveCfg = Release|Any CPU
		{18B43535-B2AB-4CEB-AAC7-5B538DCAEF10}.Release|ARM.Build.0 = Release|Any CPU
		{18B43535-B2AB-4CEB-AAC7-5B538DCAEF10}.Release|x64.ActiveCfg = Release|Any CPU
		{18B43535-B2AB-4CEB-AAC7-5B538DCAEF10}.Release|x64.Build.0 = Release|Any CPU
		{18B43535-B2AB-4CEB-AAC7-5B538DCAEF10}.Release|x86.ActiveCfg = Release|Any CPU
		{18B43535-B2AB-4CEB-AAC7-5B538DCAEF10}.Release|x86.Build.0 = Release|Any CPU
		{290807AF-48FF-42F9-9D2C-4B640EE02036}.Debug|Any CPU.ActiveCfg = Debug|Any CPU
		{290807AF-48FF-42F9-9D2C-4B640EE02036}.Debug|Any CPU.Build.0 = Debug|Any CPU
		{290807AF-48FF-42F9-9D2C-4B640EE02036}.Debug|ARM.ActiveCfg = Debug|Any CPU
		{290807AF-48FF-42F9-9D2C-4B640EE02036}.Debug|ARM.Build.0 = Debug|Any CPU
		{290807AF-48FF-42F9-9D2C-4B640EE02036}.Debug|x64.ActiveCfg = Debug|Any CPU
		{290807AF-48FF-42F9-9D2C-4B640EE02036}.Debug|x64.Build.0 = Debug|Any CPU
		{290807AF-48FF-42F9-9D2C-4B640EE02036}.Debug|x86.ActiveCfg = Debug|Any CPU
		{290807AF-48FF-42F9-9D2C-4B640EE02036}.Debug|x86.Build.0 = Debug|Any CPU
		{290807AF-48FF-42F9-9D2C-4B640EE02036}.Release|Any CPU.ActiveCfg = Release|Any CPU
		{290807AF-48FF-42F9-9D2C-4B640EE02036}.Release|Any CPU.Build.0 = Release|Any CPU
		{290807AF-48FF-42F9-9D2C-4B640EE02036}.Release|ARM.ActiveCfg = Release|Any CPU
		{290807AF-48FF-42F9-9D2C-4B640EE02036}.Release|ARM.Build.0 = Release|Any CPU
		{290807AF-48FF-42F9-9D2C-4B640EE02036}.Release|x64.ActiveCfg = Release|Any CPU
		{290807AF-48FF-42F9-9D2C-4B640EE02036}.Release|x64.Build.0 = Release|Any CPU
		{290807AF-48FF-42F9-9D2C-4B640EE02036}.Release|x86.ActiveCfg = Release|Any CPU
		{290807AF-48FF-42F9-9D2C-4B640EE02036}.Release|x86.Build.0 = Release|Any CPU
	EndGlobalSection
	GlobalSection(SolutionProperties) = preSolution
		HideSolutionNode = FALSE
	EndGlobalSection
	GlobalSection(ExtensibilityGlobals) = postSolution
		SolutionGuid = {E8C45320-608D-4977-B580-54AA42A1577F}
	EndGlobalSection
EndGlobal
